
Microsoft Visual Studio Solution File, Format Version 12.00
# Visual Studio Version 17
VisualStudioVersion = 17.4.33122.133
MinimumVisualStudioVersion = 10.0.40219.1
Project("{FAE04EC0-301F-11D3-BF4B-00C04F79EFBC}") = "ConsoleApp4", "ConsoleApp4\ConsoleApp4.csproj", "{53FC1A8A-24AE-4DBE-B9DC-265455691C2E}"
EndProject
Global
	GlobalSection(SolutionConfigurationPlatforms) = preSolution
		Debug|Any CPU = Debug|Any CPU
		Release|Any CPU = Release|Any CPU
	EndGlobalSection
	GlobalSection(ProjectConfigurationPlatforms) = postSolution
		{53FC1A8A-24AE-4DBE-B9DC-265455691C2E}.Debug|Any CPU.ActiveCfg = Debug|Any CPU
		{53FC1A8A-24AE-4DBE-B9DC-265455691C2E}.Debug|Any CPU.Build.0 = Debug|Any CPU
		{53FC1A8A-24AE-4DBE-B9DC-265455691C2E}.Release|Any CPU.ActiveCfg = Release|Any CPU
		{53FC1A8A-24AE-4DBE-B9DC-265455691C2E}.Release|Any CPU.Build.0 = Release|Any CPU
	EndGlobalSection
	GlobalSection(SolutionProperties) = preSolution
		HideSolutionNode = FALSE
	EndGlobalSection
	GlobalSection(ExtensibilityGlobals) = postSolution
		SolutionGuid = {4CAED18A-F7F9-4E99-9675-EF39EBD6ED7C}
	EndGlobalSection
EndGlobal
